
Microsoft Visual Studio Solution File, Format Version 12.00
# Visual Studio Version 16
VisualStudioVersion = 16.0.30517.126
MinimumVisualStudioVersion = 10.0.40219.1
Project("{8BC9CEB8-8B4A-11D0-8D11-00A0C91BC942}") = "Lab23_Ex4", "Lab23_Ex4\Lab23_Ex4.vcxproj", "{2FCA0813-5458-424D-BC36-DE2664372CF9}"
EndProject
Global
	GlobalSection(SolutionConfigurationPlatforms) = preSolution
		Debug|x64 = Debug|x64
		Debug|x86 = Debug|x86
		Release|x64 = Release|x64
		Release|x86 = Release|x86
	EndGlobalSection
	GlobalSection(ProjectConfigurationPlatforms) = postSolution
		{2FCA0813-5458-424D-BC36-DE2664372CF9}.Debug|x64.ActiveCfg = Debug|x64
		{2FCA0813-5458-424D-BC36-DE2664372CF9}.Debug|x64.Build.0 = Debug|x64
		{2FCA0813-5458-424D-BC36-DE2664372CF9}.Debug|x86.ActiveCfg = Debug|Win32
		{2FCA0813-5458-424D-BC36-DE2664372CF9}.Debug|x86.Build.0 = Debug|Win32
		{2FCA0813-5458-424D-BC36-DE2664372CF9}.Release|x64.ActiveCfg = Release|x64
		{2FCA0813-5458-424D-BC36-DE2664372CF9}.Release|x64.Build.0 = Release|x64
		{2FCA0813-5458-424D-BC36-DE2664372CF9}.Release|x86.ActiveCfg = Release|Win32
		{2FCA0813-5458-424D-BC36-DE2664372CF9}.Release|x86.Build.0 = Release|Win32
	EndGlobalSection
	GlobalSection(SolutionProperties) = preSolution
		HideSolutionNode = FALSE
	EndGlobalSection
	GlobalSection(ExtensibilityGlobals) = postSolution
		SolutionGuid = {560A9EEB-FB4A-4E04-8DE1-1C9CED22E27C}
	EndGlobalSection
EndGlobal
