
Microsoft Visual Studio Solution File, Format Version 12.00
# Visual Studio Version 16
VisualStudioVersion = 16.0.30517.126
MinimumVisualStudioVersion = 10.0.40219.1
Project("{8BC9CEB8-8B4A-11D0-8D11-00A0C91BC942}") = "Lab23_Ex1", "Lab23_Ex1\Lab23_Ex1.vcxproj", "{0728D48F-0582-4E95-8D70-784AE1B7CE3A}"
EndProject
Global
	GlobalSection(SolutionConfigurationPlatforms) = preSolution
		Debug|x64 = Debug|x64
		Debug|x86 = Debug|x86
		Release|x64 = Release|x64
		Release|x86 = Release|x86
	EndGlobalSection
	GlobalSection(ProjectConfigurationPlatforms) = postSolution
		{0728D48F-0582-4E95-8D70-784AE1B7CE3A}.Debug|x64.ActiveCfg = Debug|x64
		{0728D48F-0582-4E95-8D70-784AE1B7CE3A}.Debug|x64.Build.0 = Debug|x64
		{0728D48F-0582-4E95-8D70-784AE1B7CE3A}.Debug|x86.ActiveCfg = Debug|Win32
		{0728D48F-0582-4E95-8D70-784AE1B7CE3A}.Debug|x86.Build.0 = Debug|Win32
		{0728D48F-0582-4E95-8D70-784AE1B7CE3A}.Release|x64.ActiveCfg = Release|x64
		{0728D48F-0582-4E95-8D70-784AE1B7CE3A}.Release|x64.Build.0 = Release|x64
		{0728D48F-0582-4E95-8D70-784AE1B7CE3A}.Release|x86.ActiveCfg = Release|Win32
		{0728D48F-0582-4E95-8D70-784AE1B7CE3A}.Release|x86.Build.0 = Release|Win32
	EndGlobalSection
	GlobalSection(SolutionProperties) = preSolution
		HideSolutionNode = FALSE
	EndGlobalSection
	GlobalSection(ExtensibilityGlobals) = postSolution
		SolutionGuid = {B5FCC103-79AB-47B3-8708-7E962EC8A5FC}
	EndGlobalSection
EndGlobal
